# Generated by pub
# See https://dart.dev/guides/packages-and-pubspec/pubspec-lock
packages:
  _fe_analyzer_shared:
    dependency: transitive
    description:
      name: _fe_analyzer_shared
      version: "73.0.0"
    source: hosted
    version: "73.0.0"
  _macros:
    dependency: transitive
    description:
      name: _macros
      version: "0.3.0"
    source: hosted
    version: "0.3.0"
  analyzer:
    dependency: transitive
    description:
      name: analyzer
      version: "6.6.0"
    source: hosted
    version: "6.6.0"
  args:
    dependency: transitive
    description:
      name: args
      version: "2.6.0"
    source: hosted
    version: "2.6.0"
  async:
    dependency: transitive
    description:
      name: async
      version: "2.11.0"
    source: hosted
    version: "2.11.0"
  audioplayers:
    dependency: direct main
    description:
      name: audioplayers
      version: "5.2.0"
    source: hosted
    version: "5.2.0"
  boolean_selector:
    dependency: transitive
    description:
      name: boolean_selector
      version: "2.1.0"
    source: hosted
    version: "2.1.0"
  build:
    dependency: transitive
    description:
      name: build
      version: "2.4.1"
    source: hosted
    version: "2.4.1"
  build_config:
    dependency: transitive
    description:
      name: build_config
      version: "1.1.1"
    source: hosted
    version: "1.1.1"
  build_daemon:
    dependency: transitive
    description:
      name: build_daemon
      version: "4.0.2"
    source: hosted
    version: "4.0.2"
  build_resolvers:
    dependency: transitive
    description:
      name: build_resolvers
      version: "2.4.2"
    source: hosted
    version: "2.4.2"
  build_runner:
    dependency: direct dev
    description:
      name: build_runner
      version: "2.4.0"
    source: hosted
    version: "2.4.0"
  built_collection:
    dependency: transitive
    description:
      name: built_collection
      version: "5.1.1"
    source: hosted
    version: "5.1.1"
  cached_network_image:
    dependency: direct main
    description:
      name: cached_network_image
      version: "3.3.0"
    source: hosted
    version: "3.3.0"
  characters:
    dependency: transitive
    description:
      name: characters
      version: "1.3.0"
    source: hosted
    version: "1.3.0"
  checked_yaml:
    dependency: transitive
    description:
      name: checked_yaml
      version: "2.4.0"
    source: hosted
    version: "2.4.0"
  clock:
    dependency: transitive
    description:
      name: clock
      version: "1.1.1"
    source: hosted
    version: "1.1.1"
  cloud_firestore:
    dependency: direct main
    description:
      name: cloud_firestore
      version: "4.8.0"
    source: hosted
    version: "4.8.0"
  collection:
    dependency: transitive
    description:
      name: collection
      version: "1.18.0"
    source: hosted
    version: "1.18.0"
  convert:
    dependency: transitive
    description:
      name: convert
      version: "3.1.1"
    source: hosted
    version: "3.1.1"
  crypto:
    dependency: transitive
    description:
      name: crypto
      version: "3.0.3"
    source: hosted
    version: "3.0.3"
  cupertino_icons:
    dependency: direct main
    description:
      name: cupertino_icons
      version: "1.0.8"
    source: hosted
    version: "1.0.8"
  dart_style:
    dependency: transitive
    description:
      name: dart_style
      version: "2.3.2"
    source: hosted
    version: "2.3.2"
  dio:
    dependency: direct main
    description:
      name: dio
      version: "5.4.0"
    source: hosted
    version: "5.4.0"
  expandable:
    dependency: transitive
    description:
      name: expandable
      version: "5.0.1"
    source: hosted
    version: "5.0.1"
  equatable:
    dependency: transitive
    description:
      name: equatable
      version: "2.0.5"
    source: hosted
    version: "2.0.5"
  fake_async:
    dependency: transitive
    description:
      name: fake_async
      version: "1.3.1"
    source: hosted
    version: "1.3.1"
  fake_cloud_firestore:
    dependency: direct dev
    description:
      name: fake_cloud_firestore
      version: "3.0.0"
    source: hosted
    version: "3.0.0"
  file:
    dependency: transitive
    description:
      name: file
      version: "7.0.0"
    source: hosted
    version: "7.0.0"
  firebase_analytics:
    dependency: direct main
    description:
      name: firebase_analytics
      version: "10.4.0"
    source: hosted
    version: "10.4.0"
  firebase_auth:
    dependency: direct main
    description:
      name: firebase_auth
      version: "4.6.0"
    source: hosted
    version: "4.6.0"
  firebase_auth_mocks:
    dependency: direct dev
    description:
      name: firebase_auth_mocks
      version: "0.13.0"
    source: hosted
    version: "0.13.0"
  firebase_core:
    dependency: direct main
    description:
      name: firebase_core
      version: "2.13.0"
    source: hosted
    version: "2.13.0"
  firebase_messaging:
    dependency: direct main
    description:
      name: firebase_messaging
      version: "14.7.0"
    source: hosted
    version: "14.7.0"
  fl_chart:
    dependency: direct main
    description:
      name: fl_chart
      version: "0.68.0"
    source: hosted
    version: "0.68.0"
  flutter:
    dependency: direct main
    description: flutter
    source: sdk
    version: "0.0.0"
  flutter_dotenv:
    dependency: direct main
    description:
      name: flutter_dotenv
      version: "5.2.0"
    source: hosted
    version: "5.2.0"
  flutter_launcher_icons:
    dependency: direct dev
    description:
      name: flutter_launcher_icons
      version: "0.14.1"
    source: hosted
    version: "0.14.1"
  flutter_lints:
    dependency: direct dev
    description:
      name: flutter_lints
      version: "5.0.0"
    source: hosted
    version: "5.0.0"
  flutter_riverpod:
    dependency: direct main
    description:
      name: flutter_riverpod
      version: "2.4.0"
    source: hosted
    version: "2.4.0"
  flutter_secure_storage:
    dependency: direct main
    description:
      name: flutter_secure_storage
      version: "9.2.0"
    source: hosted
    version: "9.2.0"
  flutter_test:
    dependency: direct dev
    description: flutter
    source: sdk
    version: "0.0.0"
  flutter_tts:
    dependency: direct main
    description:
      name: flutter_tts
      version: "4.2.5"
    source: hosted
    version: "4.2.5"
  frontend_server_client:
    dependency: transitive
    description:
      name: frontend_server_client
      version: "3.2.0"
    source: hosted
    version: "3.2.0"
  glob:
    dependency: transitive
    description:
      name: glob
      version: "2.1.2"
    source: hosted
    version: "2.1.2"
  google_sign_in:
    dependency: direct main
    description:
      name: google_sign_in
      version: "6.2.1"
    source: hosted
    version: "6.2.1"
  graphs:
    dependency: transitive
    description:
      name: graphs
      version: "2.3.1"
    source: hosted
    version: "2.3.1"
  hive:
    dependency: direct main
    description:
      name: hive
      version: "2.2.0"
    source: hosted
    version: "2.2.0"
  hive_flutter:
    dependency: direct main
    description:
      name: hive_flutter
      version: "1.1.0"
    source: hosted
    version: "1.1.0"
  http:
    dependency: transitive
    description:
      name: http
      version: "1.1.0"
    source: hosted
    version: "1.1.0"
  http_multi_server:
    dependency: transitive
    description:
      name: http_multi_server
      version: "3.2.1"
    source: hosted
    version: "3.2.1"
  http_parser:
    dependency: transitive
    description:
      name: http_parser
      version: "4.0.2"
    source: hosted
    version: "4.0.2"
  in_app_purchase:
    dependency: direct main
    description:
      name: in_app_purchase
      version: "3.1.0"
    source: hosted
    version: "3.1.0"
  in_app_purchase_android:
    dependency: direct main
    description:
      name: in_app_purchase_android
      version: "0.3.3"
    source: hosted
    version: "0.3.3"
  in_app_purchase_storekit:
    dependency: direct main
    description:
      name: in_app_purchase_storekit
      version: "0.3.10"
    source: hosted
    version: "0.3.10"
  integration_test:
    dependency: direct dev
    description: flutter
    source: sdk
    version: "0.0.0"
  intl:
    dependency: direct main
    description:
      name: intl
      version: "0.19.0"
    source: hosted
    version: "0.19.0"
  io:
    dependency: transitive
    description:
      name: io
      version: "1.0.4"
    source: hosted
    version: "1.0.4"
  js:
    dependency: transitive
    description:
      name: js
      version: "0.6.8"
    source: hosted
    version: "0.6.8"
  json_annotation:
    dependency: direct main
    description:
      name: json_annotation
      version: "4.8.0"
    source: hosted
    version: "4.8.0"
  json_serializable:
    dependency: direct main
    description:
      name: json_serializable
      version: "6.7.0"
    source: hosted
    version: "6.7.0"
  lints:
    dependency: transitive
    description:
      name: lints
      version: "3.0.0"
    source: hosted
    version: "3.0.0"
  logging:
    dependency: transitive
    description:
      name: logging
      version: "1.2.0"
    source: hosted
    version: "1.2.0"
  matcher:
    dependency: transitive
    description:
      name: matcher
      version: "0.12.16"
    source: hosted
    version: "0.12.16"
  material_color_utilities:
    dependency: transitive
    description:
      name: material_color_utilities
      version: "0.8.0"
    source: hosted
    version: "0.8.0"
  meta:
    dependency: transitive
    description:
      name: meta
      version: "1.14.0"
    source: hosted
    version: "1.14.0"
  mime:
    dependency: transitive
    description:
      name: mime
      version: "1.0.6"
    source: hosted
    version: "1.0.6"
  mockito:
    dependency: direct dev
    description:
      name: mockito
      version: "5.4.4"
    source: hosted
    version: "5.4.4"
  package_config:
    dependency: transitive
    description:
      name: package_config
      version: "2.1.0"
    source: hosted
    version: "2.1.0"
  path:
    dependency: transitive
    description:
      name: path
      version: "1.9.1"
    source: hosted
    version: "1.9.1"
  path_provider:
    dependency: transitive
    description:
      name: path_provider
      version: "2.1.1"
    source: hosted
    version: "2.1.1"
  path_provider_android:
    dependency: transitive
    description:
      name: path_provider_android
      version: "2.2.1"
    source: hosted
    version: "2.2.1"
  path_provider_foundation:
    dependency: transitive
    description:
      name: path_provider_foundation
      version: "2.3.1"
    source: hosted
    version: "2.3.1"
  path_provider_linux:
    dependency: transitive
    description:
      name: path_provider_linux
      version: "2.2.1"
    source: hosted
    version: "2.2.1"
  path_provider_platform_interface:
    dependency: direct dev
    description:
      name: path_provider_platform_interface
      version: "2.1.0"
    source: hosted
    version: "2.1.0"
  path_provider_windows:
    dependency: transitive
    description:
      name: path_provider_windows
      version: "2.2.1"
    source: hosted
    version: "2.2.1"
  pedantic:
    dependency: transitive
    description:
      name: pedantic
      version: "1.11.1"
    source: hosted
    version: "1.11.1"
  platform:
    dependency: transitive
    description:
      name: platform
      version: "3.1.2"
    source: hosted
    version: "3.1.2"
  plugin_platform_interface:
    dependency: direct dev
    description:
      name: plugin_platform_interface
      version: "2.1.0"
    source: hosted
    version: "2.1.0"
  pool:
    dependency: transitive
    description:
      name: pool
      version: "1.5.1"
    source: hosted
    version: "1.5.1"
  pub_semver:
    dependency: transitive
    description:
      name: pub_semver
      version: "2.1.4"
    source: hosted
    version: "2.1.4"
  pubspec_parse:
    dependency: transitive
    description:
      name: pubspec_parse
      version: "1.3.0"
    source: hosted
    version: "1.3.0"
  riverpod:
    dependency: transitive
    description:
      name: riverpod
      version: "2.4.0"
    source: hosted
    version: "2.4.0"
  riverpod_annotation:
    dependency: direct main
    description:
      name: riverpod_annotation
      version: "2.3.0"
    source: hosted
    version: "2.3.0"
  riverpod_generator:
    dependency: direct dev
    description:
      name: riverpod_generator
      version: "2.3.0"
    source: hosted
    version: "2.3.0"
  shared_preferences:
    dependency: direct main
    description:
      name: shared_preferences
      version: "2.2.0"
    source: hosted
    version: "2.2.0"
  shared_preferences_android:
    dependency: transitive
    description:
      name: shared_preferences_android
      version: "2.2.0"
    source: hosted
    version: "2.2.0"
  shared_preferences_foundation:
    dependency: transitive
    description:
      name: shared_preferences_foundation
      version: "2.3.4"
    source: hosted
    version: "2.3.4"
  shared_preferences_linux:
    dependency: transitive
    description:
      name: shared_preferences_linux
      version: "2.3.1"
    source: hosted
    version: "2.3.1"
  shared_preferences_platform_interface:
    dependency: transitive
    description:
      name: shared_preferences_platform_interface
      version: "2.3.0"
    source: hosted
    version: "2.3.0"
  shared_preferences_web:
    dependency: transitive
    description:
      name: shared_preferences_web
      version: "2.2.0"
    source: hosted
    version: "2.2.0"
  shared_preferences_windows:
    dependency: transitive
    description:
      name: shared_preferences_windows
      version: "2.3.1"
    source: hosted
    version: "2.3.1"
  shelf:
    dependency: transitive
    description:
      name: shelf
      version: "1.4.1"
    source: hosted
    version: "1.4.1"
  shelf_web_socket:
    dependency: transitive
    description:
      name: shelf_web_socket
      version: "1.0.4"
    source: hosted
    version: "1.0.4"
  sky_engine:
    dependency: transitive
    description: flutter
    source: sdk
    version: "0.0.99"
  source_gen:
    dependency: transitive
    description:
      name: source_gen
      version: "1.5.0"
    source: hosted
    version: "1.5.0"
  source_map_stack_trace:
    dependency: transitive
    description:
      name: source_map_stack_trace
      version: "2.1.1"
    source: hosted
    version: "2.1.1"
  source_maps:
    dependency: transitive
    description:
      name: source_maps
      version: "0.10.12"
    source: hosted
    version: "0.10.12"
  source_span:
    dependency: transitive
    description:
      name: source_span
      version: "1.10.0"
    source: hosted
    version: "1.10.0"
  sqflite:
    dependency: direct main
    description:
      name: sqflite
      version: "2.3.0"
    source: hosted
    version: "2.3.0"
  sqflite_common:
    dependency: transitive
    description:
      name: sqflite_common
      version: "2.5.0"
    source: hosted
    version: "2.5.0"
  sqflite_common_ffi:
    dependency: transitive
    description:
      name: sqflite_common_ffi
      version: "2.5.0"
    source: hosted
    version: "2.5.0"
  sqflite_common_ffi_async:
    dependency: transitive
    description:
      name: sqflite_common_ffi_async
      version: "2.5.0"
    source: hosted
    version: "2.5.0"
  stack_trace:
    dependency: transitive
    description:
      name: stack_trace
      version: "1.11.1"
    source: hosted
    version: "1.11.1"
  stream_channel:
    dependency: transitive
    description:
      name: stream_channel
      version: "2.1.2"
    source: hosted
    version: "2.1.2"
  string_scanner:
    dependency: transitive
    description:
      name: string_scanner
      version: "1.2.0"
    source: hosted
    version: "1.2.0"
  sync_http:
    dependency: transitive
    description:
      name: sync_http
      version: "0.3.1"
    source: hosted
    version: "0.3.1"
  term_glyph:
    dependency: transitive
    description:
      name: term_glyph
      version: "1.2.1"
    source: hosted
    version: "1.2.1"
  test_api:
    dependency: transitive
    description:
      name: test_api
      version: "0.7.1"
    source: hosted
    version: "0.7.1"
  timing:
    dependency: transitive
    description:
      name: timing
      version: "1.0.1"
    source: hosted
    version: "1.0.1"
  typed_data:
    dependency: transitive
    description:
      name: typed_data
      version: "1.4.0"
    source: hosted
    version: "1.4.0"
  uuid:
    dependency: transitive
    description:
      name: uuid
      version: "4.0.0"
    source: hosted
    version: "4.0.0"
  vector_math:
    dependency: transitive
    description:
      name: vector_math
      version: "2.1.4"
    source: hosted
    version: "2.1.4"
  watcher:
    dependency: transitive
    description:
      name: watcher
      version: "1.1.0"
    source: hosted
    version: "1.1.0"
  web:
    dependency: transitive
    description:
      name: web
      version: "0.3.0"
    source: hosted
    version: "0.3.0"
  web_socket_channel:
    dependency: transitive
    description:
      name: web_socket_channel
      version: "2.4.3"
    source: hosted
    version: "2.4.3"
  win32:
    dependency: transitive
    description:
      name: win32
      version: "5.6.0"
    source: hosted
    version: "5.6.0"
  xdg_directories:
    dependency: transitive
    description:
      name: xdg_directories
      version: "1.0.4"
    source: hosted
    version: "1.0.4"
  yaml:
    dependency: transitive
    description:
      name: yaml
      version: "3.1.2"
    source: hosted
    version: "3.1.2"
sdks:
  dart: ">=3.3.0 <4.0.0"
  flutter: ">=3.10.0"
